{
  "version": 4,
  "terraform_version": "1.7.3",
  "serial": 202,
  "lineage": "93b32d21-3d14-c922-70be-cb63ac04bd3e",
  "outputs": {
    "instance_group_ingresses_private_ips": {
      "value": [
        "192.168.20.4",
        "192.168.30.27"
      ],
      "type": [
        "list",
        "string"
      ]
    },
    "instance_group_ingresses_public_ips": {
      "value": [
        "158.160.7.104",
        "51.250.45.136"
      ],
      "type": [
        "list",
        "string"
      ]
    },
    "instance_group_masters_private_ips": {
      "value": [
        "192.168.10.4",
        "192.168.20.10",
        "192.168.30.32"
      ],
      "type": [
        "list",
        "string"
      ]
    },
    "instance_group_masters_public_ips": {
      "value": [
        "62.84.112.226",
        "130.193.52.107",
        "51.250.47.218"
      ],
      "type": [
        "list",
        "string"
      ]
    },
    "instance_group_workers_private_ips": {
      "value": [
        "192.168.20.13",
        "192.168.30.35"
      ],
      "type": [
        "list",
        "string"
      ]
    },
    "instance_group_workers_public_ips": {
      "value": [
        "158.160.76.170",
        "51.250.38.162"
      ],
      "type": [
        "list",
        "string"
      ]
    },
    "load_balancer_public_ip": {
      "value": [
        "158.160.141.43"
      ],
      "type": [
        "list",
        "string"
      ]
    },
    "static-key-access-key": {
      "value": "YCAJEtRn4NuKkA29jjoQ-T3ZZ",
      "type": "string"
    },
    "static-key-secret-key": {
      "value": "YCOz9JLf4HUR-yqUF36YotjDvGF21UacuNN-d_4O",
      "type": "string",
      "sensitive": true
    }
  },
  "resources": [
    {
      "mode": "managed",
      "type": "yandex_compute_instance_group",
      "name": "k8s-ingresses",
      "provider": "provider[\"registry.terraform.io/yandex-cloud/yandex\"]",
      "instances": [
        {
          "schema_version": 0,
          "attributes": {
            "allocation_policy": [
              {
                "zones": [
                  "ru-central1-a",
                  "ru-central1-b",
                  "ru-central1-c"
                ]
              }
            ],
            "application_load_balancer": [],
            "created_at": "2024-02-11T14:33:29Z",
            "deletion_protection": false,
            "deploy_policy": [
              {
                "max_creating": 2,
                "max_deleting": 2,
                "max_expansion": 2,
                "max_unavailable": 2,
                "startup_duration": 0,
                "strategy": "proactive"
              }
            ],
            "description": "",
            "folder_id": "b1gkk76374iqjbbnkl9g",
            "health_check": [],
            "id": "cl17qmed1grksj56hlb4",
            "instance_template": [
              {
                "boot_disk": [
                  {
                    "device_name": "",
                    "disk_id": "",
                    "initialize_params": [
                      {
                        "description": "",
                        "image_id": "fd8vmcue7aajpmeo39kk",
                        "size": 10,
                        "snapshot_id": "",
                        "type": "network-hdd"
                      }
                    ],
                    "mode": "READ_WRITE"
                  }
                ],
                "description": "",
                "hostname": "",
                "labels": {},
                "metadata": {
                  "ssh-keys": "ubuntu:ssh-rsa AAAAB3NzaC1yc2EAAAADAQABAAABgQDBuBRk5zGGG+HjaYbUjJMcktZ5pwKcJSyOoqpijHwtsDH8d5JJs2d+gSNCfmpUg3llxQ7yMbyJz1ebBGC2xJCaAP7v1taoDqSbrFnr6pYI063mTydHmTIMt9ryzFQ8NLQCE5QOQMlpnW1yupukSGPgX69PVLYWHhMpBm+/8GH84uOLIgXGeSZUpuCjrJ6DWGG9cHc6u73csZk1zguQJ8hTkyWp6A2gNdwJ3JNm9BaBWVPVQ1hvvFLkzXEwWik3HWU5gMCPvnP2CB0r0yM1CXlS2CHyV+td6OsX8rm5EQNmXyB0aY+4aUTTPFjUDJdU3VDUYurJfHr3aFk1n3hjwIrGelxoGf3yprGcHb5smpRMyGLTWwvf0FOw+FAh7IzHhCZXnV1VOrdw2Df6yLivR9ZhIq0moTm4xf0tVb0YvUCiBGq6h02WHuTW1OcN1/KzClzKdF/dkhYGtmHQrZniMXY2ZlMU83WlqzozBAzgdlMUJnxAqmeRooO3XmkAiCIJ+r0= rmazitov@comp\n"
                },
                "name": "ingress-{instance.index}",
                "network_interface": [
                  {
                    "dns_record": [],
                    "ip_address": "",
                    "ipv4": true,
                    "ipv6": false,
                    "ipv6_address": "",
                    "ipv6_dns_record": [],
                    "nat": true,
                    "nat_dns_record": [],
                    "nat_ip_address": "",
                    "network_id": "enpiqtugdovhe07887lm",
                    "security_group_ids": [],
                    "subnet_ids": [
                      "b0c8hs3pfk6ovc94v9bc",
                      "e2le25u61r63d7ptum27",
                      "e9bj4o03ji9tv68esa9q"
                    ]
                  }
                ],
                "network_settings": [
                  {
                    "type": "STANDARD"
                  }
                ],
                "placement_policy": [],
                "platform_id": "standard-v1",
                "resources": [
                  {
                    "core_fraction": 20,
                    "cores": 2,
                    "gpus": 0,
                    "memory": 2
                  }
                ],
                "scheduling_policy": [
                  {
                    "preemptible": false
                  }
                ],
                "secondary_disk": [],
                "service_account_id": ""
              }
            ],
            "instances": [
              {
                "fqdn": "ingress-1.ru-central1.internal",
                "instance_id": "epdm8jilgeort6kknl77",
                "name": "ingress-1",
                "network_interface": [
                  {
                    "index": 0,
                    "ip_address": "192.168.20.4",
                    "ipv4": true,
                    "ipv6": false,
                    "ipv6_address": "",
                    "mac_address": "d0:0d:16:44:e5:58",
                    "nat": true,
                    "nat_ip_address": "158.160.7.104",
                    "nat_ip_version": "IPV4",
                    "subnet_id": "e2le25u61r63d7ptum27"
                  }
                ],
                "status": "RUNNING_ACTUAL",
                "status_changed_at": "2024-02-11T14:35:02Z",
                "status_message": "",
                "zone_id": "ru-central1-b"
              },
              {
                "fqdn": "ingress-2.ru-central1.internal",
                "instance_id": "ef3d5cd1v3es81qg5n3k",
                "name": "ingress-2",
                "network_interface": [
                  {
                    "index": 0,
                    "ip_address": "192.168.30.27",
                    "ipv4": true,
                    "ipv6": false,
                    "ipv6_address": "",
                    "mac_address": "d0:0d:d2:b1:a1:f8",
                    "nat": true,
                    "nat_ip_address": "51.250.45.136",
                    "nat_ip_version": "IPV4",
                    "subnet_id": "b0c8hs3pfk6ovc94v9bc"
                  }
                ],
                "status": "RUNNING_ACTUAL",
                "status_changed_at": "2024-02-11T14:34:09Z",
                "status_message": "",
                "zone_id": "ru-central1-c"
              }
            ],
            "labels": {},
            "load_balancer": [
              {
                "max_opening_traffic_duration": 0,
                "status_message": "",
                "target_group_description": "",
                "target_group_id": "enpboh3qg18jkodmr9qi",
                "target_group_labels": {},
                "target_group_name": "k8s-ingresses"
              }
            ],
            "max_checking_health_duration": null,
            "name": "k8s-ingresses",
            "scale_policy": [
              {
                "auto_scale": [],
                "fixed_scale": [
                  {
                    "size": 2
                  }
                ],
                "test_auto_scale": []
              }
            ],
            "service_account_id": "ajek5t2jm6r2n4vse42n",
            "status": "ACTIVE",
            "timeouts": null,
            "variables": {}
          },
          "sensitive_attributes": [],
          "private": "eyJlMmJmYjczMC1lY2FhLTExZTYtOGY4OC0zNDM2M2JjN2M0YzAiOnsiY3JlYXRlIjoxODAwMDAwMDAwMDAwLCJkZWxldGUiOjE4MDAwMDAwMDAwMDAsInVwZGF0ZSI6MTgwMDAwMDAwMDAwMH19",
          "dependencies": [
            "yandex_iam_service_account.admin",
            "yandex_resourcemanager_folder_iam_binding.editor",
            "yandex_vpc_network.k8s-network",
            "yandex_vpc_subnet.k8s-subnet-1",
            "yandex_vpc_subnet.k8s-subnet-2",
            "yandex_vpc_subnet.k8s-subnet-3"
          ]
        }
      ]
    },
    {
      "mode": "managed",
      "type": "yandex_compute_instance_group",
      "name": "k8s-masters",
      "provider": "provider[\"registry.terraform.io/yandex-cloud/yandex\"]",
      "instances": [
        {
          "schema_version": 0,
          "attributes": {
            "allocation_policy": [
              {
                "zones": [
                  "ru-central1-a",
                  "ru-central1-b",
                  "ru-central1-c"
                ]
              }
            ],
            "application_load_balancer": [],
            "created_at": "2024-02-11T14:33:30Z",
            "deletion_protection": false,
            "deploy_policy": [
              {
                "max_creating": 3,
                "max_deleting": 3,
                "max_expansion": 3,
                "max_unavailable": 3,
                "startup_duration": 0,
                "strategy": "proactive"
              }
            ],
            "description": "",
            "folder_id": "b1gkk76374iqjbbnkl9g",
            "health_check": [],
            "id": "cl149d0ma76vghrdk3cf",
            "instance_template": [
              {
                "boot_disk": [
                  {
                    "device_name": "",
                    "disk_id": "",
                    "initialize_params": [
                      {
                        "description": "",
                        "image_id": "fd8vmcue7aajpmeo39kk",
                        "size": 10,
                        "snapshot_id": "",
                        "type": "network-ssd"
                      }
                    ],
                    "mode": "READ_WRITE"
                  }
                ],
                "description": "",
                "hostname": "",
                "labels": {},
                "metadata": {
                  "ssh-keys": "ubuntu:ssh-rsa AAAAB3NzaC1yc2EAAAADAQABAAABgQDBuBRk5zGGG+HjaYbUjJMcktZ5pwKcJSyOoqpijHwtsDH8d5JJs2d+gSNCfmpUg3llxQ7yMbyJz1ebBGC2xJCaAP7v1taoDqSbrFnr6pYI063mTydHmTIMt9ryzFQ8NLQCE5QOQMlpnW1yupukSGPgX69PVLYWHhMpBm+/8GH84uOLIgXGeSZUpuCjrJ6DWGG9cHc6u73csZk1zguQJ8hTkyWp6A2gNdwJ3JNm9BaBWVPVQ1hvvFLkzXEwWik3HWU5gMCPvnP2CB0r0yM1CXlS2CHyV+td6OsX8rm5EQNmXyB0aY+4aUTTPFjUDJdU3VDUYurJfHr3aFk1n3hjwIrGelxoGf3yprGcHb5smpRMyGLTWwvf0FOw+FAh7IzHhCZXnV1VOrdw2Df6yLivR9ZhIq0moTm4xf0tVb0YvUCiBGq6h02WHuTW1OcN1/KzClzKdF/dkhYGtmHQrZniMXY2ZlMU83WlqzozBAzgdlMUJnxAqmeRooO3XmkAiCIJ+r0= rmazitov@comp\n"
                },
                "name": "master-{instance.index}",
                "network_interface": [
                  {
                    "dns_record": [],
                    "ip_address": "",
                    "ipv4": true,
                    "ipv6": false,
                    "ipv6_address": "",
                    "ipv6_dns_record": [],
                    "nat": true,
                    "nat_dns_record": [],
                    "nat_ip_address": "",
                    "network_id": "enpiqtugdovhe07887lm",
                    "security_group_ids": [],
                    "subnet_ids": [
                      "b0c8hs3pfk6ovc94v9bc",
                      "e2le25u61r63d7ptum27",
                      "e9bj4o03ji9tv68esa9q"
                    ]
                  }
                ],
                "network_settings": [
                  {
                    "type": "STANDARD"
                  }
                ],
                "placement_policy": [],
                "platform_id": "standard-v1",
                "resources": [
                  {
                    "core_fraction": 20,
                    "cores": 2,
                    "gpus": 0,
                    "memory": 2
                  }
                ],
                "scheduling_policy": [
                  {
                    "preemptible": false
                  }
                ],
                "secondary_disk": [],
                "service_account_id": ""
              }
            ],
            "instances": [
              {
                "fqdn": "master-1.ru-central1.internal",
                "instance_id": "fhman0u42cii3qup9c4c",
                "name": "master-1",
                "network_interface": [
                  {
                    "index": 0,
                    "ip_address": "192.168.10.4",
                    "ipv4": true,
                    "ipv6": false,
                    "ipv6_address": "",
                    "mac_address": "d0:0d:ab:83:c4:13",
                    "nat": true,
                    "nat_ip_address": "62.84.112.226",
                    "nat_ip_version": "IPV4",
                    "subnet_id": "e9bj4o03ji9tv68esa9q"
                  }
                ],
                "status": "RUNNING_ACTUAL",
                "status_changed_at": "2024-02-11T14:34:15Z",
                "status_message": "",
                "zone_id": "ru-central1-a"
              },
              {
                "fqdn": "master-2.ru-central1.internal",
                "instance_id": "epdo7tacu37rfdvn9l6u",
                "name": "master-2",
                "network_interface": [
                  {
                    "index": 0,
                    "ip_address": "192.168.20.10",
                    "ipv4": true,
                    "ipv6": false,
                    "ipv6_address": "",
                    "mac_address": "d0:0d:18:3f:54:cf",
                    "nat": true,
                    "nat_ip_address": "130.193.52.107",
                    "nat_ip_version": "IPV4",
                    "subnet_id": "e2le25u61r63d7ptum27"
                  }
                ],
                "status": "RUNNING_ACTUAL",
                "status_changed_at": "2024-02-11T14:35:14Z",
                "status_message": "",
                "zone_id": "ru-central1-b"
              },
              {
                "fqdn": "master-3.ru-central1.internal",
                "instance_id": "ef3cmauhc8ijso6qtjfl",
                "name": "master-3",
                "network_interface": [
                  {
                    "index": 0,
                    "ip_address": "192.168.30.32",
                    "ipv4": true,
                    "ipv6": false,
                    "ipv6_address": "",
                    "mac_address": "d0:0d:cb:2b:d1:62",
                    "nat": true,
                    "nat_ip_address": "51.250.47.218",
                    "nat_ip_version": "IPV4",
                    "subnet_id": "b0c8hs3pfk6ovc94v9bc"
                  }
                ],
                "status": "RUNNING_ACTUAL",
                "status_changed_at": "2024-02-11T14:34:13Z",
                "status_message": "",
                "zone_id": "ru-central1-c"
              }
            ],
            "labels": {},
            "load_balancer": [],
            "max_checking_health_duration": null,
            "name": "k8s-masters",
            "scale_policy": [
              {
                "auto_scale": [],
                "fixed_scale": [
                  {
                    "size": 3
                  }
                ],
                "test_auto_scale": []
              }
            ],
            "service_account_id": "ajek5t2jm6r2n4vse42n",
            "status": "ACTIVE",
            "timeouts": null,
            "variables": {}
          },
          "sensitive_attributes": [],
          "private": "eyJlMmJmYjczMC1lY2FhLTExZTYtOGY4OC0zNDM2M2JjN2M0YzAiOnsiY3JlYXRlIjoxODAwMDAwMDAwMDAwLCJkZWxldGUiOjE4MDAwMDAwMDAwMDAsInVwZGF0ZSI6MTgwMDAwMDAwMDAwMH19",
          "dependencies": [
            "yandex_iam_service_account.admin",
            "yandex_resourcemanager_folder_iam_binding.editor",
            "yandex_vpc_network.k8s-network",
            "yandex_vpc_subnet.k8s-subnet-1",
            "yandex_vpc_subnet.k8s-subnet-2",
            "yandex_vpc_subnet.k8s-subnet-3"
          ]
        }
      ]
    },
    {
      "mode": "managed",
      "type": "yandex_compute_instance_group",
      "name": "k8s-workers",
      "provider": "provider[\"registry.terraform.io/yandex-cloud/yandex\"]",
      "instances": [
        {
          "schema_version": 0,
          "attributes": {
            "allocation_policy": [
              {
                "zones": [
                  "ru-central1-a",
                  "ru-central1-b",
                  "ru-central1-c"
                ]
              }
            ],
            "application_load_balancer": [],
            "created_at": "2024-02-11T14:33:33Z",
            "deletion_protection": false,
            "deploy_policy": [
              {
                "max_creating": 3,
                "max_deleting": 3,
                "max_expansion": 3,
                "max_unavailable": 3,
                "startup_duration": 0,
                "strategy": "proactive"
              }
            ],
            "description": "",
            "folder_id": "b1gkk76374iqjbbnkl9g",
            "health_check": [],
            "id": "cl1hq1fgmdi78qv98k7e",
            "instance_template": [
              {
                "boot_disk": [
                  {
                    "device_name": "",
                    "disk_id": "",
                    "initialize_params": [
                      {
                        "description": "",
                        "image_id": "fd8vmcue7aajpmeo39kk",
                        "size": 10,
                        "snapshot_id": "",
                        "type": "network-hdd"
                      }
                    ],
                    "mode": "READ_WRITE"
                  }
                ],
                "description": "",
                "hostname": "",
                "labels": {},
                "metadata": {
                  "ssh-keys": "ubuntu:ssh-rsa AAAAB3NzaC1yc2EAAAADAQABAAABgQDBuBRk5zGGG+HjaYbUjJMcktZ5pwKcJSyOoqpijHwtsDH8d5JJs2d+gSNCfmpUg3llxQ7yMbyJz1ebBGC2xJCaAP7v1taoDqSbrFnr6pYI063mTydHmTIMt9ryzFQ8NLQCE5QOQMlpnW1yupukSGPgX69PVLYWHhMpBm+/8GH84uOLIgXGeSZUpuCjrJ6DWGG9cHc6u73csZk1zguQJ8hTkyWp6A2gNdwJ3JNm9BaBWVPVQ1hvvFLkzXEwWik3HWU5gMCPvnP2CB0r0yM1CXlS2CHyV+td6OsX8rm5EQNmXyB0aY+4aUTTPFjUDJdU3VDUYurJfHr3aFk1n3hjwIrGelxoGf3yprGcHb5smpRMyGLTWwvf0FOw+FAh7IzHhCZXnV1VOrdw2Df6yLivR9ZhIq0moTm4xf0tVb0YvUCiBGq6h02WHuTW1OcN1/KzClzKdF/dkhYGtmHQrZniMXY2ZlMU83WlqzozBAzgdlMUJnxAqmeRooO3XmkAiCIJ+r0= rmazitov@comp\n"
                },
                "name": "worker-{instance.index}",
                "network_interface": [
                  {
                    "dns_record": [],
                    "ip_address": "",
                    "ipv4": true,
                    "ipv6": false,
                    "ipv6_address": "",
                    "ipv6_dns_record": [],
                    "nat": true,
                    "nat_dns_record": [],
                    "nat_ip_address": "",
                    "network_id": "enpiqtugdovhe07887lm",
                    "security_group_ids": [],
                    "subnet_ids": [
                      "b0c8hs3pfk6ovc94v9bc",
                      "e2le25u61r63d7ptum27",
                      "e9bj4o03ji9tv68esa9q"
                    ]
                  }
                ],
                "network_settings": [
                  {
                    "type": "STANDARD"
                  }
                ],
                "placement_policy": [],
                "platform_id": "standard-v1",
                "resources": [
                  {
                    "core_fraction": 20,
                    "cores": 2,
                    "gpus": 0,
                    "memory": 2
                  }
                ],
                "scheduling_policy": [
                  {
                    "preemptible": false
                  }
                ],
                "secondary_disk": [],
                "service_account_id": ""
              }
            ],
            "instances": [
              {
                "fqdn": "worker-1.ru-central1.internal",
                "instance_id": "epdehpo6v6801lm4tfua",
                "name": "worker-1",
                "network_interface": [
                  {
                    "index": 0,
                    "ip_address": "192.168.20.13",
                    "ipv4": true,
                    "ipv6": false,
                    "ipv6_address": "",
                    "mac_address": "d0:0d:e8:e7:06:f9",
                    "nat": true,
                    "nat_ip_address": "158.160.76.170",
                    "nat_ip_version": "IPV4",
                    "subnet_id": "e2le25u61r63d7ptum27"
                  }
                ],
                "status": "RUNNING_ACTUAL",
                "status_changed_at": "2024-02-11T14:35:13Z",
                "status_message": "",
                "zone_id": "ru-central1-b"
              },
              {
                "fqdn": "worker-2.ru-central1.internal",
                "instance_id": "ef3i5i8qv8vpthdq42ea",
                "name": "worker-2",
                "network_interface": [
                  {
                    "index": 0,
                    "ip_address": "192.168.30.35",
                    "ipv4": true,
                    "ipv6": false,
                    "ipv6_address": "",
                    "mac_address": "d0:0d:12:2c:91:af",
                    "nat": true,
                    "nat_ip_address": "51.250.38.162",
                    "nat_ip_version": "IPV4",
                    "subnet_id": "b0c8hs3pfk6ovc94v9bc"
                  }
                ],
                "status": "RUNNING_ACTUAL",
                "status_changed_at": "2024-02-11T14:34:03Z",
                "status_message": "",
                "zone_id": "ru-central1-c"
              }
            ],
            "labels": {},
            "load_balancer": [],
            "max_checking_health_duration": null,
            "name": "k8s-workers",
            "scale_policy": [
              {
                "auto_scale": [],
                "fixed_scale": [
                  {
                    "size": 2
                  }
                ],
                "test_auto_scale": []
              }
            ],
            "service_account_id": "ajek5t2jm6r2n4vse42n",
            "status": "ACTIVE",
            "timeouts": null,
            "variables": {}
          },
          "sensitive_attributes": [],
          "private": "eyJlMmJmYjczMC1lY2FhLTExZTYtOGY4OC0zNDM2M2JjN2M0YzAiOnsiY3JlYXRlIjoxODAwMDAwMDAwMDAwLCJkZWxldGUiOjE4MDAwMDAwMDAwMDAsInVwZGF0ZSI6MTgwMDAwMDAwMDAwMH19",
          "dependencies": [
            "yandex_iam_service_account.admin",
            "yandex_resourcemanager_folder_iam_binding.editor",
            "yandex_vpc_network.k8s-network",
            "yandex_vpc_subnet.k8s-subnet-1",
            "yandex_vpc_subnet.k8s-subnet-2",
            "yandex_vpc_subnet.k8s-subnet-3"
          ]
        }
      ]
    },
    {
      "mode": "managed",
      "type": "yandex_iam_service_account",
      "name": "admin",
      "provider": "provider[\"registry.terraform.io/yandex-cloud/yandex\"]",
      "instances": [
        {
          "schema_version": 0,
          "attributes": {
            "created_at": "2024-02-11T14:33:23Z",
            "description": "",
            "folder_id": "b1gkk76374iqjbbnkl9g",
            "id": "ajek5t2jm6r2n4vse42n",
            "name": "admin",
            "timeouts": null
          },
          "sensitive_attributes": [],
          "private": "eyJlMmJmYjczMC1lY2FhLTExZTYtOGY4OC0zNDM2M2JjN2M0YzAiOnsiY3JlYXRlIjo2MDAwMDAwMDAwMCwiZGVsZXRlIjo2MDAwMDAwMDAwMCwidXBkYXRlIjo2MDAwMDAwMDAwMH19"
        }
      ]
    },
    {
      "mode": "managed",
      "type": "yandex_iam_service_account_static_access_key",
      "name": "static-access-key",
      "provider": "provider[\"registry.terraform.io/yandex-cloud/yandex\"]",
      "instances": [
        {
          "schema_version": 0,
          "attributes": {
            "access_key": "YCAJEtRn4NuKkA29jjoQ-T3ZZ",
            "created_at": "2024-02-11T14:33:25Z",
            "description": "",
            "encrypted_secret_key": null,
            "id": "aje7lu6hhj86dhs6c01h",
            "key_fingerprint": null,
            "pgp_key": null,
            "secret_key": "YCOz9JLf4HUR-yqUF36YotjDvGF21UacuNN-d_4O",
            "service_account_id": "ajek5t2jm6r2n4vse42n"
          },
          "sensitive_attributes": [],
          "private": "bnVsbA==",
          "dependencies": [
            "yandex_iam_service_account.admin"
          ]
        }
      ]
    },
    {
      "mode": "managed",
      "type": "yandex_lb_network_load_balancer",
      "name": "k8s-load-balancer",
      "provider": "provider[\"registry.terraform.io/yandex-cloud/yandex\"]",
      "instances": [
        {
          "schema_version": 0,
          "attributes": {
            "attached_target_group": [
              {
                "healthcheck": [
                  {
                    "healthy_threshold": 2,
                    "http_options": [
                      {
                        "path": "/healthz",
                        "port": 80
                      }
                    ],
                    "interval": 2,
                    "name": "http",
                    "tcp_options": [],
                    "timeout": 1,
                    "unhealthy_threshold": 2
                  }
                ],
                "target_group_id": "enpboh3qg18jkodmr9qi"
              }
            ],
            "created_at": "2024-02-11T14:35:04Z",
            "description": "",
            "folder_id": "b1gkk76374iqjbbnkl9g",
            "id": "enp8592rbnm9ha7t9rbt",
            "labels": {},
            "listener": [
              {
                "external_address_spec": [
                  {
                    "address": "158.160.141.43",
                    "ip_version": "ipv4"
                  }
                ],
                "internal_address_spec": [],
                "name": "my-listener",
                "port": 80,
                "protocol": "tcp",
                "target_port": 80
              }
            ],
            "name": "k8s-load-balancer",
            "region_id": "ru-central1",
            "timeouts": null,
            "type": "external"
          },
          "sensitive_attributes": [],
          "private": "eyJlMmJmYjczMC1lY2FhLTExZTYtOGY4OC0zNDM2M2JjN2M0YzAiOnsiY3JlYXRlIjozMDAwMDAwMDAwMDAsImRlbGV0ZSI6MzAwMDAwMDAwMDAwLCJ1cGRhdGUiOjMwMDAwMDAwMDAwMH19",
          "dependencies": [
            "yandex_compute_instance_group.k8s-ingresses",
            "yandex_iam_service_account.admin",
            "yandex_resourcemanager_folder_iam_binding.editor",
            "yandex_vpc_network.k8s-network",
            "yandex_vpc_subnet.k8s-subnet-1",
            "yandex_vpc_subnet.k8s-subnet-2",
            "yandex_vpc_subnet.k8s-subnet-3"
          ]
        }
      ]
    },
    {
      "mode": "managed",
      "type": "yandex_resourcemanager_folder_iam_binding",
      "name": "editor",
      "provider": "provider[\"registry.terraform.io/yandex-cloud/yandex\"]",
      "instances": [
        {
          "schema_version": 0,
          "attributes": {
            "folder_id": "b1gkk76374iqjbbnkl9g",
            "id": "b1gkk76374iqjbbnkl9g/editor",
            "members": [
              "serviceAccount:ajek5t2jm6r2n4vse42n"
            ],
            "role": "editor",
            "sleep_after": null
          },
          "sensitive_attributes": [],
          "private": "bnVsbA==",
          "dependencies": [
            "yandex_iam_service_account.admin"
          ]
        }
      ]
    },
    {
      "mode": "managed",
      "type": "yandex_storage_bucket",
      "name": "backup-backet-apatsev",
      "provider": "provider[\"registry.terraform.io/yandex-cloud/yandex\"]",
      "instances": [
        {
          "schema_version": 0,
          "attributes": {
            "access_key": "YCAJEtRn4NuKkA29jjoQ-T3ZZ",
            "acl": "private",
            "bucket": "backup-backet-apatsev",
            "bucket_domain_name": "backup-backet-apatsev.storage.yandexcloud.net",
            "bucket_prefix": null,
            "cors_rule": [],
            "force_destroy": true,
            "grant": [],
            "id": "backup-backet-apatsev",
            "lifecycle_rule": [],
            "logging": [],
            "policy": null,
            "secret_key": "YCOz9JLf4HUR-yqUF36YotjDvGF21UacuNN-d_4O",
            "server_side_encryption_configuration": [],
            "versioning": [
              {
                "enabled": false
              }
            ],
            "website": [],
            "website_domain": null,
            "website_endpoint": null
          },
          "sensitive_attributes": [
            [
              {
                "type": "get_attr",
                "value": "secret_key"
              }
            ]
          ],
          "private": "bnVsbA==",
          "dependencies": [
            "yandex_iam_service_account.admin",
            "yandex_iam_service_account_static_access_key.static-access-key"
          ]
        }
      ]
    },
    {
      "mode": "managed",
      "type": "yandex_vpc_network",
      "name": "k8s-network",
      "provider": "provider[\"registry.terraform.io/yandex-cloud/yandex\"]",
      "instances": [
        {
          "schema_version": 0,
          "attributes": {
            "created_at": "2024-02-11T14:31:08Z",
            "default_security_group_id": "enp6uco5osikfqvko740",
            "description": "",
            "folder_id": "b1gkk76374iqjbbnkl9g",
            "id": "enpiqtugdovhe07887lm",
            "labels": {},
            "name": "k8s-network",
            "subnet_ids": [
              "b0c8hs3pfk6ovc94v9bc",
              "e2le25u61r63d7ptum27",
              "e9bj4o03ji9tv68esa9q"
            ],
            "timeouts": null
          },
          "sensitive_attributes": [],
          "private": "eyJlMmJmYjczMC1lY2FhLTExZTYtOGY4OC0zNDM2M2JjN2M0YzAiOnsiY3JlYXRlIjo2MDAwMDAwMDAwMCwiZGVsZXRlIjo2MDAwMDAwMDAwMCwidXBkYXRlIjo2MDAwMDAwMDAwMH19"
        }
      ]
    },
    {
      "mode": "managed",
      "type": "yandex_vpc_subnet",
      "name": "k8s-subnet-1",
      "provider": "provider[\"registry.terraform.io/yandex-cloud/yandex\"]",
      "instances": [
        {
          "schema_version": 0,
          "attributes": {
            "created_at": "2024-02-11T14:31:12Z",
            "description": "",
            "dhcp_options": [],
            "folder_id": "b1gkk76374iqjbbnkl9g",
            "id": "e9bj4o03ji9tv68esa9q",
            "labels": {},
            "name": "k8s-subnet-1",
            "network_id": "enpiqtugdovhe07887lm",
            "route_table_id": "",
            "timeouts": null,
            "v4_cidr_blocks": [
              "192.168.10.0/24"
            ],
            "v6_cidr_blocks": [],
            "zone": "ru-central1-a"
          },
          "sensitive_attributes": [],
          "private": "eyJlMmJmYjczMC1lY2FhLTExZTYtOGY4OC0zNDM2M2JjN2M0YzAiOnsiY3JlYXRlIjoxODAwMDAwMDAwMDAsImRlbGV0ZSI6MTgwMDAwMDAwMDAwLCJ1cGRhdGUiOjE4MDAwMDAwMDAwMH19",
          "dependencies": [
            "yandex_vpc_network.k8s-network"
          ]
        }
      ]
    },
    {
      "mode": "managed",
      "type": "yandex_vpc_subnet",
      "name": "k8s-subnet-2",
      "provider": "provider[\"registry.terraform.io/yandex-cloud/yandex\"]",
      "instances": [
        {
          "schema_version": 0,
          "attributes": {
            "created_at": "2024-02-11T14:31:10Z",
            "description": "",
            "dhcp_options": [],
            "folder_id": "b1gkk76374iqjbbnkl9g",
            "id": "e2le25u61r63d7ptum27",
            "labels": {},
            "name": "k8s-subnet-2",
            "network_id": "enpiqtugdovhe07887lm",
            "route_table_id": "",
            "timeouts": null,
            "v4_cidr_blocks": [
              "192.168.20.0/24"
            ],
            "v6_cidr_blocks": [],
            "zone": "ru-central1-b"
          },
          "sensitive_attributes": [],
          "private": "eyJlMmJmYjczMC1lY2FhLTExZTYtOGY4OC0zNDM2M2JjN2M0YzAiOnsiY3JlYXRlIjoxODAwMDAwMDAwMDAsImRlbGV0ZSI6MTgwMDAwMDAwMDAwLCJ1cGRhdGUiOjE4MDAwMDAwMDAwMH19",
          "dependencies": [
            "yandex_vpc_network.k8s-network"
          ]
        }
      ]
    },
    {
      "mode": "managed",
      "type": "yandex_vpc_subnet",
      "name": "k8s-subnet-3",
      "provider": "provider[\"registry.terraform.io/yandex-cloud/yandex\"]",
      "instances": [
        {
          "schema_version": 0,
          "attributes": {
            "created_at": "2024-02-11T14:31:11Z",
            "description": "",
            "dhcp_options": [],
            "folder_id": "b1gkk76374iqjbbnkl9g",
            "id": "b0c8hs3pfk6ovc94v9bc",
            "labels": {},
            "name": "k8s-subnet-3",
            "network_id": "enpiqtugdovhe07887lm",
            "route_table_id": "",
            "timeouts": null,
            "v4_cidr_blocks": [
              "192.168.30.0/24"
            ],
            "v6_cidr_blocks": [],
            "zone": "ru-central1-c"
          },
          "sensitive_attributes": [],
          "private": "eyJlMmJmYjczMC1lY2FhLTExZTYtOGY4OC0zNDM2M2JjN2M0YzAiOnsiY3JlYXRlIjoxODAwMDAwMDAwMDAsImRlbGV0ZSI6MTgwMDAwMDAwMDAwLCJ1cGRhdGUiOjE4MDAwMDAwMDAwMH19",
          "dependencies": [
            "yandex_vpc_network.k8s-network"
          ]
        }
      ]
    }
  ],
  "check_results": null
}
