{
  "version": 4,
  "terraform_version": "1.7.0",
  "serial": 172,
  "lineage": "93b32d21-3d14-c922-70be-cb63ac04bd3e",
  "outputs": {
    "instance_group_ingresses_private_ips": {
      "value": [
        "192.168.20.20",
        "192.168.30.17"
      ],
      "type": [
        "list",
        "string"
      ]
    },
    "instance_group_ingresses_public_ips": {
      "value": [
        "158.160.75.197",
        "51.250.47.23"
      ],
      "type": [
        "list",
        "string"
      ]
    },
    "instance_group_masters_private_ips": {
      "value": [
        "192.168.10.3",
        "192.168.20.4",
        "192.168.30.5"
      ],
      "type": [
        "list",
        "string"
      ]
    },
    "instance_group_masters_public_ips": {
      "value": [
        "62.84.125.76",
        "158.160.74.110",
        "51.250.37.121"
      ],
      "type": [
        "list",
        "string"
      ]
    },
    "instance_group_workers_private_ips": {
      "value": [
        "192.168.20.10",
        "192.168.30.31"
      ],
      "type": [
        "list",
        "string"
      ]
    },
    "instance_group_workers_public_ips": {
      "value": [
        "158.160.26.7",
        "51.250.45.80"
      ],
      "type": [
        "list",
        "string"
      ]
    },
    "load_balancer_public_ip": {
      "value": [
        "158.160.144.4"
      ],
      "type": [
        "list",
        "string"
      ]
    },
    "static-key-access-key": {
      "value": "YCAJEHzjkfCRnNXVaQYUs7VU2",
      "type": "string"
    },
    "static-key-secret-key": {
      "value": "YCPva1S5DEaWubkjTcR2cU5HRoDZYJlJpSFMfHwt",
      "type": "string",
      "sensitive": true
    }
  },
  "resources": [
    {
      "mode": "managed",
      "type": "yandex_compute_instance_group",
      "name": "k8s-ingresses",
      "provider": "provider[\"registry.terraform.io/yandex-cloud/yandex\"]",
      "instances": [
        {
          "schema_version": 0,
          "attributes": {
            "allocation_policy": [
              {
                "zones": [
                  "ru-central1-a",
                  "ru-central1-b",
                  "ru-central1-c"
                ]
              }
            ],
            "application_load_balancer": [],
            "created_at": "2024-01-21T12:22:17Z",
            "deletion_protection": false,
            "deploy_policy": [
              {
                "max_creating": 2,
                "max_deleting": 2,
                "max_expansion": 2,
                "max_unavailable": 2,
                "startup_duration": 0,
                "strategy": "proactive"
              }
            ],
            "description": "",
            "folder_id": "b1gkk76374iqjbbnkl9g",
            "health_check": [],
            "id": "cl18ujkmi22035jdqiqf",
            "instance_template": [
              {
                "boot_disk": [
                  {
                    "device_name": "",
                    "disk_id": "",
                    "initialize_params": [
                      {
                        "description": "",
                        "image_id": "fd8vmcue7aajpmeo39kk",
                        "size": 10,
                        "snapshot_id": "",
                        "type": "network-hdd"
                      }
                    ],
                    "mode": "READ_WRITE"
                  }
                ],
                "description": "",
                "hostname": "",
                "labels": {},
                "metadata": {
                  "ssh-keys": "ubuntu:ssh-rsa AAAAB3NzaC1yc2EAAAADAQABAAABgQDBuBRk5zGGG+HjaYbUjJMcktZ5pwKcJSyOoqpijHwtsDH8d5JJs2d+gSNCfmpUg3llxQ7yMbyJz1ebBGC2xJCaAP7v1taoDqSbrFnr6pYI063mTydHmTIMt9ryzFQ8NLQCE5QOQMlpnW1yupukSGPgX69PVLYWHhMpBm+/8GH84uOLIgXGeSZUpuCjrJ6DWGG9cHc6u73csZk1zguQJ8hTkyWp6A2gNdwJ3JNm9BaBWVPVQ1hvvFLkzXEwWik3HWU5gMCPvnP2CB0r0yM1CXlS2CHyV+td6OsX8rm5EQNmXyB0aY+4aUTTPFjUDJdU3VDUYurJfHr3aFk1n3hjwIrGelxoGf3yprGcHb5smpRMyGLTWwvf0FOw+FAh7IzHhCZXnV1VOrdw2Df6yLivR9ZhIq0moTm4xf0tVb0YvUCiBGq6h02WHuTW1OcN1/KzClzKdF/dkhYGtmHQrZniMXY2ZlMU83WlqzozBAzgdlMUJnxAqmeRooO3XmkAiCIJ+r0= rmazitov@comp\n"
                },
                "name": "ingress-{instance.index}",
                "network_interface": [
                  {
                    "dns_record": [],
                    "ip_address": "",
                    "ipv4": true,
                    "ipv6": false,
                    "ipv6_address": "",
                    "ipv6_dns_record": [],
                    "nat": true,
                    "nat_dns_record": [],
                    "nat_ip_address": "",
                    "network_id": "enpgu969q05t3hc5lurp",
                    "security_group_ids": [],
                    "subnet_ids": [
                      "b0chgdhg76jaq3ol9a3p",
                      "e2l4tbppq3rgk51vjd06",
                      "e9brf72gn6v6ibmrri9q"
                    ]
                  }
                ],
                "network_settings": [
                  {
                    "type": "STANDARD"
                  }
                ],
                "placement_policy": [],
                "platform_id": "standard-v1",
                "resources": [
                  {
                    "core_fraction": 20,
                    "cores": 2,
                    "gpus": 0,
                    "memory": 2
                  }
                ],
                "scheduling_policy": [
                  {
                    "preemptible": false
                  }
                ],
                "secondary_disk": [],
                "service_account_id": ""
              }
            ],
            "instances": [
              {
                "fqdn": "ingress-1.ru-central1.internal",
                "instance_id": "epdh3d5d1kcsemhv57f3",
                "name": "ingress-1",
                "network_interface": [
                  {
                    "index": 0,
                    "ip_address": "192.168.20.20",
                    "ipv4": true,
                    "ipv6": false,
                    "ipv6_address": "",
                    "mac_address": "d0:0d:11:1b:4a:d0",
                    "nat": true,
                    "nat_ip_address": "158.160.75.197",
                    "nat_ip_version": "IPV4",
                    "subnet_id": "e2l4tbppq3rgk51vjd06"
                  }
                ],
                "status": "RUNNING_ACTUAL",
                "status_changed_at": "2024-01-21T12:23:00Z",
                "status_message": "",
                "zone_id": "ru-central1-b"
              },
              {
                "fqdn": "ingress-2.ru-central1.internal",
                "instance_id": "ef3iadd0ekts93pqncso",
                "name": "ingress-2",
                "network_interface": [
                  {
                    "index": 0,
                    "ip_address": "192.168.30.17",
                    "ipv4": true,
                    "ipv6": false,
                    "ipv6_address": "",
                    "mac_address": "d0:0d:12:53:5a:07",
                    "nat": true,
                    "nat_ip_address": "51.250.47.23",
                    "nat_ip_version": "IPV4",
                    "subnet_id": "b0chgdhg76jaq3ol9a3p"
                  }
                ],
                "status": "RUNNING_ACTUAL",
                "status_changed_at": "2024-01-21T12:22:56Z",
                "status_message": "",
                "zone_id": "ru-central1-c"
              }
            ],
            "labels": {},
            "load_balancer": [
              {
                "max_opening_traffic_duration": 0,
                "status_message": "",
                "target_group_description": "",
                "target_group_id": "enpjeio01fltc9cmabtt",
                "target_group_labels": {},
                "target_group_name": "k8s-ingresses"
              }
            ],
            "max_checking_health_duration": null,
            "name": "k8s-ingresses",
            "scale_policy": [
              {
                "auto_scale": [],
                "fixed_scale": [
                  {
                    "size": 2
                  }
                ],
                "test_auto_scale": []
              }
            ],
            "service_account_id": "ajeqf2e6hpnuu1cp1did",
            "status": "ACTIVE",
            "timeouts": null,
            "variables": {}
          },
          "sensitive_attributes": [],
          "private": "eyJlMmJmYjczMC1lY2FhLTExZTYtOGY4OC0zNDM2M2JjN2M0YzAiOnsiY3JlYXRlIjoxODAwMDAwMDAwMDAwLCJkZWxldGUiOjE4MDAwMDAwMDAwMDAsInVwZGF0ZSI6MTgwMDAwMDAwMDAwMH19",
          "dependencies": [
            "yandex_iam_service_account.admin",
            "yandex_resourcemanager_folder_iam_binding.editor",
            "yandex_vpc_network.k8s-network",
            "yandex_vpc_subnet.k8s-subnet-1",
            "yandex_vpc_subnet.k8s-subnet-2",
            "yandex_vpc_subnet.k8s-subnet-3"
          ]
        }
      ]
    },
    {
      "mode": "managed",
      "type": "yandex_compute_instance_group",
      "name": "k8s-masters",
      "provider": "provider[\"registry.terraform.io/yandex-cloud/yandex\"]",
      "instances": [
        {
          "schema_version": 0,
          "attributes": {
            "allocation_policy": [
              {
                "zones": [
                  "ru-central1-a",
                  "ru-central1-b",
                  "ru-central1-c"
                ]
              }
            ],
            "application_load_balancer": [],
            "created_at": "2024-01-21T12:22:19Z",
            "deletion_protection": false,
            "deploy_policy": [
              {
                "max_creating": 3,
                "max_deleting": 3,
                "max_expansion": 3,
                "max_unavailable": 3,
                "startup_duration": 0,
                "strategy": "proactive"
              }
            ],
            "description": "",
            "folder_id": "b1gkk76374iqjbbnkl9g",
            "health_check": [],
            "id": "cl1277bbp3cl3buu8c0h",
            "instance_template": [
              {
                "boot_disk": [
                  {
                    "device_name": "",
                    "disk_id": "",
                    "initialize_params": [
                      {
                        "description": "",
                        "image_id": "fd8vmcue7aajpmeo39kk",
                        "size": 10,
                        "snapshot_id": "",
                        "type": "network-ssd"
                      }
                    ],
                    "mode": "READ_WRITE"
                  }
                ],
                "description": "",
                "hostname": "",
                "labels": {},
                "metadata": {
                  "ssh-keys": "ubuntu:ssh-rsa AAAAB3NzaC1yc2EAAAADAQABAAABgQDBuBRk5zGGG+HjaYbUjJMcktZ5pwKcJSyOoqpijHwtsDH8d5JJs2d+gSNCfmpUg3llxQ7yMbyJz1ebBGC2xJCaAP7v1taoDqSbrFnr6pYI063mTydHmTIMt9ryzFQ8NLQCE5QOQMlpnW1yupukSGPgX69PVLYWHhMpBm+/8GH84uOLIgXGeSZUpuCjrJ6DWGG9cHc6u73csZk1zguQJ8hTkyWp6A2gNdwJ3JNm9BaBWVPVQ1hvvFLkzXEwWik3HWU5gMCPvnP2CB0r0yM1CXlS2CHyV+td6OsX8rm5EQNmXyB0aY+4aUTTPFjUDJdU3VDUYurJfHr3aFk1n3hjwIrGelxoGf3yprGcHb5smpRMyGLTWwvf0FOw+FAh7IzHhCZXnV1VOrdw2Df6yLivR9ZhIq0moTm4xf0tVb0YvUCiBGq6h02WHuTW1OcN1/KzClzKdF/dkhYGtmHQrZniMXY2ZlMU83WlqzozBAzgdlMUJnxAqmeRooO3XmkAiCIJ+r0= rmazitov@comp\n"
                },
                "name": "master-{instance.index}",
                "network_interface": [
                  {
                    "dns_record": [],
                    "ip_address": "",
                    "ipv4": true,
                    "ipv6": false,
                    "ipv6_address": "",
                    "ipv6_dns_record": [],
                    "nat": true,
                    "nat_dns_record": [],
                    "nat_ip_address": "",
                    "network_id": "enpgu969q05t3hc5lurp",
                    "security_group_ids": [],
                    "subnet_ids": [
                      "b0chgdhg76jaq3ol9a3p",
                      "e2l4tbppq3rgk51vjd06",
                      "e9brf72gn6v6ibmrri9q"
                    ]
                  }
                ],
                "network_settings": [
                  {
                    "type": "STANDARD"
                  }
                ],
                "placement_policy": [],
                "platform_id": "standard-v1",
                "resources": [
                  {
                    "core_fraction": 20,
                    "cores": 2,
                    "gpus": 0,
                    "memory": 2
                  }
                ],
                "scheduling_policy": [
                  {
                    "preemptible": false
                  }
                ],
                "secondary_disk": [],
                "service_account_id": ""
              }
            ],
            "instances": [
              {
                "fqdn": "master-1.ru-central1.internal",
                "instance_id": "fhm526qk5l69u0to2qnq",
                "name": "master-1",
                "network_interface": [
                  {
                    "index": 0,
                    "ip_address": "192.168.10.3",
                    "ipv4": true,
                    "ipv6": false,
                    "ipv6_address": "",
                    "mac_address": "d0:0d:51:1b:54:2d",
                    "nat": true,
                    "nat_ip_address": "62.84.125.76",
                    "nat_ip_version": "IPV4",
                    "subnet_id": "e9brf72gn6v6ibmrri9q"
                  }
                ],
                "status": "RUNNING_ACTUAL",
                "status_changed_at": "2024-01-21T12:22:58Z",
                "status_message": "",
                "zone_id": "ru-central1-a"
              },
              {
                "fqdn": "master-2.ru-central1.internal",
                "instance_id": "epdkigclsb98q2kq0p55",
                "name": "master-2",
                "network_interface": [
                  {
                    "index": 0,
                    "ip_address": "192.168.20.4",
                    "ipv4": true,
                    "ipv6": false,
                    "ipv6_address": "",
                    "mac_address": "d0:0d:14:94:19:5e",
                    "nat": true,
                    "nat_ip_address": "158.160.74.110",
                    "nat_ip_version": "IPV4",
                    "subnet_id": "e2l4tbppq3rgk51vjd06"
                  }
                ],
                "status": "RUNNING_ACTUAL",
                "status_changed_at": "2024-01-21T12:23:24Z",
                "status_message": "",
                "zone_id": "ru-central1-b"
              },
              {
                "fqdn": "master-3.ru-central1.internal",
                "instance_id": "ef387rsspi0ehnk4vveg",
                "name": "master-3",
                "network_interface": [
                  {
                    "index": 0,
                    "ip_address": "192.168.30.5",
                    "ipv4": true,
                    "ipv6": false,
                    "ipv6_address": "",
                    "mac_address": "d0:0d:83:ef:9c:cc",
                    "nat": true,
                    "nat_ip_address": "51.250.37.121",
                    "nat_ip_version": "IPV4",
                    "subnet_id": "b0chgdhg76jaq3ol9a3p"
                  }
                ],
                "status": "RUNNING_ACTUAL",
                "status_changed_at": "2024-01-21T12:22:53Z",
                "status_message": "",
                "zone_id": "ru-central1-c"
              }
            ],
            "labels": {},
            "load_balancer": [],
            "max_checking_health_duration": null,
            "name": "k8s-masters",
            "scale_policy": [
              {
                "auto_scale": [],
                "fixed_scale": [
                  {
                    "size": 3
                  }
                ],
                "test_auto_scale": []
              }
            ],
            "service_account_id": "ajeqf2e6hpnuu1cp1did",
            "status": "ACTIVE",
            "timeouts": null,
            "variables": {}
          },
          "sensitive_attributes": [],
          "private": "eyJlMmJmYjczMC1lY2FhLTExZTYtOGY4OC0zNDM2M2JjN2M0YzAiOnsiY3JlYXRlIjoxODAwMDAwMDAwMDAwLCJkZWxldGUiOjE4MDAwMDAwMDAwMDAsInVwZGF0ZSI6MTgwMDAwMDAwMDAwMH19",
          "dependencies": [
            "yandex_iam_service_account.admin",
            "yandex_resourcemanager_folder_iam_binding.editor",
            "yandex_vpc_network.k8s-network",
            "yandex_vpc_subnet.k8s-subnet-1",
            "yandex_vpc_subnet.k8s-subnet-2",
            "yandex_vpc_subnet.k8s-subnet-3"
          ]
        }
      ]
    },
    {
      "mode": "managed",
      "type": "yandex_compute_instance_group",
      "name": "k8s-workers",
      "provider": "provider[\"registry.terraform.io/yandex-cloud/yandex\"]",
      "instances": [
        {
          "schema_version": 0,
          "attributes": {
            "allocation_policy": [
              {
                "zones": [
                  "ru-central1-a",
                  "ru-central1-b",
                  "ru-central1-c"
                ]
              }
            ],
            "application_load_balancer": [],
            "created_at": "2024-01-21T12:22:18Z",
            "deletion_protection": false,
            "deploy_policy": [
              {
                "max_creating": 3,
                "max_deleting": 3,
                "max_expansion": 3,
                "max_unavailable": 3,
                "startup_duration": 0,
                "strategy": "proactive"
              }
            ],
            "description": "",
            "folder_id": "b1gkk76374iqjbbnkl9g",
            "health_check": [],
            "id": "cl1t6e856abetbfs23u8",
            "instance_template": [
              {
                "boot_disk": [
                  {
                    "device_name": "",
                    "disk_id": "",
                    "initialize_params": [
                      {
                        "description": "",
                        "image_id": "fd8vmcue7aajpmeo39kk",
                        "size": 10,
                        "snapshot_id": "",
                        "type": "network-hdd"
                      }
                    ],
                    "mode": "READ_WRITE"
                  }
                ],
                "description": "",
                "hostname": "",
                "labels": {},
                "metadata": {
                  "ssh-keys": "ubuntu:ssh-rsa AAAAB3NzaC1yc2EAAAADAQABAAABgQDBuBRk5zGGG+HjaYbUjJMcktZ5pwKcJSyOoqpijHwtsDH8d5JJs2d+gSNCfmpUg3llxQ7yMbyJz1ebBGC2xJCaAP7v1taoDqSbrFnr6pYI063mTydHmTIMt9ryzFQ8NLQCE5QOQMlpnW1yupukSGPgX69PVLYWHhMpBm+/8GH84uOLIgXGeSZUpuCjrJ6DWGG9cHc6u73csZk1zguQJ8hTkyWp6A2gNdwJ3JNm9BaBWVPVQ1hvvFLkzXEwWik3HWU5gMCPvnP2CB0r0yM1CXlS2CHyV+td6OsX8rm5EQNmXyB0aY+4aUTTPFjUDJdU3VDUYurJfHr3aFk1n3hjwIrGelxoGf3yprGcHb5smpRMyGLTWwvf0FOw+FAh7IzHhCZXnV1VOrdw2Df6yLivR9ZhIq0moTm4xf0tVb0YvUCiBGq6h02WHuTW1OcN1/KzClzKdF/dkhYGtmHQrZniMXY2ZlMU83WlqzozBAzgdlMUJnxAqmeRooO3XmkAiCIJ+r0= rmazitov@comp\n"
                },
                "name": "worker-{instance.index}",
                "network_interface": [
                  {
                    "dns_record": [],
                    "ip_address": "",
                    "ipv4": true,
                    "ipv6": false,
                    "ipv6_address": "",
                    "ipv6_dns_record": [],
                    "nat": true,
                    "nat_dns_record": [],
                    "nat_ip_address": "",
                    "network_id": "enpgu969q05t3hc5lurp",
                    "security_group_ids": [],
                    "subnet_ids": [
                      "b0chgdhg76jaq3ol9a3p",
                      "e2l4tbppq3rgk51vjd06",
                      "e9brf72gn6v6ibmrri9q"
                    ]
                  }
                ],
                "network_settings": [
                  {
                    "type": "STANDARD"
                  }
                ],
                "placement_policy": [],
                "platform_id": "standard-v1",
                "resources": [
                  {
                    "core_fraction": 20,
                    "cores": 2,
                    "gpus": 0,
                    "memory": 2
                  }
                ],
                "scheduling_policy": [
                  {
                    "preemptible": false
                  }
                ],
                "secondary_disk": [],
                "service_account_id": ""
              }
            ],
            "instances": [
              {
                "fqdn": "worker-1.ru-central1.internal",
                "instance_id": "epd5cq58q3hthh3r77q5",
                "name": "worker-1",
                "network_interface": [
                  {
                    "index": 0,
                    "ip_address": "192.168.20.10",
                    "ipv4": true,
                    "ipv6": false,
                    "ipv6_address": "",
                    "mac_address": "d0:0d:56:68:a8:d0",
                    "nat": true,
                    "nat_ip_address": "158.160.26.7",
                    "nat_ip_version": "IPV4",
                    "subnet_id": "e2l4tbppq3rgk51vjd06"
                  }
                ],
                "status": "RUNNING_ACTUAL",
                "status_changed_at": "2024-01-21T12:23:08Z",
                "status_message": "",
                "zone_id": "ru-central1-b"
              },
              {
                "fqdn": "worker-2.ru-central1.internal",
                "instance_id": "ef38oied54to63h3aal6",
                "name": "worker-2",
                "network_interface": [
                  {
                    "index": 0,
                    "ip_address": "192.168.30.31",
                    "ipv4": true,
                    "ipv6": false,
                    "ipv6_address": "",
                    "mac_address": "d0:0d:8c:49:cd:29",
                    "nat": true,
                    "nat_ip_address": "51.250.45.80",
                    "nat_ip_version": "IPV4",
                    "subnet_id": "b0chgdhg76jaq3ol9a3p"
                  }
                ],
                "status": "RUNNING_ACTUAL",
                "status_changed_at": "2024-01-21T12:22:55Z",
                "status_message": "",
                "zone_id": "ru-central1-c"
              }
            ],
            "labels": {},
            "load_balancer": [],
            "max_checking_health_duration": null,
            "name": "k8s-workers",
            "scale_policy": [
              {
                "auto_scale": [],
                "fixed_scale": [
                  {
                    "size": 2
                  }
                ],
                "test_auto_scale": []
              }
            ],
            "service_account_id": "ajeqf2e6hpnuu1cp1did",
            "status": "ACTIVE",
            "timeouts": null,
            "variables": {}
          },
          "sensitive_attributes": [],
          "private": "eyJlMmJmYjczMC1lY2FhLTExZTYtOGY4OC0zNDM2M2JjN2M0YzAiOnsiY3JlYXRlIjoxODAwMDAwMDAwMDAwLCJkZWxldGUiOjE4MDAwMDAwMDAwMDAsInVwZGF0ZSI6MTgwMDAwMDAwMDAwMH19",
          "dependencies": [
            "yandex_iam_service_account.admin",
            "yandex_resourcemanager_folder_iam_binding.editor",
            "yandex_vpc_network.k8s-network",
            "yandex_vpc_subnet.k8s-subnet-1",
            "yandex_vpc_subnet.k8s-subnet-2",
            "yandex_vpc_subnet.k8s-subnet-3"
          ]
        }
      ]
    },
    {
      "mode": "managed",
      "type": "yandex_iam_service_account",
      "name": "admin",
      "provider": "provider[\"registry.terraform.io/yandex-cloud/yandex\"]",
      "instances": [
        {
          "schema_version": 0,
          "attributes": {
            "created_at": "2024-01-21T12:22:11Z",
            "description": "",
            "folder_id": "b1gkk76374iqjbbnkl9g",
            "id": "ajeqf2e6hpnuu1cp1did",
            "name": "admin",
            "timeouts": null
          },
          "sensitive_attributes": [],
          "private": "eyJlMmJmYjczMC1lY2FhLTExZTYtOGY4OC0zNDM2M2JjN2M0YzAiOnsiY3JlYXRlIjo2MDAwMDAwMDAwMCwiZGVsZXRlIjo2MDAwMDAwMDAwMCwidXBkYXRlIjo2MDAwMDAwMDAwMH19"
        }
      ]
    },
    {
      "mode": "managed",
      "type": "yandex_iam_service_account_static_access_key",
      "name": "static-access-key",
      "provider": "provider[\"registry.terraform.io/yandex-cloud/yandex\"]",
      "instances": [
        {
          "schema_version": 0,
          "attributes": {
            "access_key": "YCAJEHzjkfCRnNXVaQYUs7VU2",
            "created_at": "2024-01-21T12:22:13Z",
            "description": "",
            "encrypted_secret_key": null,
            "id": "aje1mvq9hfslkpmnsamb",
            "key_fingerprint": null,
            "pgp_key": null,
            "secret_key": "YCPva1S5DEaWubkjTcR2cU5HRoDZYJlJpSFMfHwt",
            "service_account_id": "ajeqf2e6hpnuu1cp1did"
          },
          "sensitive_attributes": [],
          "private": "bnVsbA==",
          "dependencies": [
            "yandex_iam_service_account.admin"
          ]
        }
      ]
    },
    {
      "mode": "managed",
      "type": "yandex_lb_network_load_balancer",
      "name": "k8s-load-balancer",
      "provider": "provider[\"registry.terraform.io/yandex-cloud/yandex\"]",
      "instances": [
        {
          "schema_version": 0,
          "attributes": {
            "attached_target_group": [
              {
                "healthcheck": [
                  {
                    "healthy_threshold": 2,
                    "http_options": [
                      {
                        "path": "/healthz",
                        "port": 80
                      }
                    ],
                    "interval": 2,
                    "name": "http",
                    "tcp_options": [],
                    "timeout": 1,
                    "unhealthy_threshold": 2
                  }
                ],
                "target_group_id": "enpjeio01fltc9cmabtt"
              }
            ],
            "created_at": "2024-01-21T12:23:03Z",
            "description": "",
            "folder_id": "b1gkk76374iqjbbnkl9g",
            "id": "enp3aq0rghhomhsgh8ja",
            "labels": {},
            "listener": [
              {
                "external_address_spec": [
                  {
                    "address": "158.160.144.4",
                    "ip_version": "ipv4"
                  }
                ],
                "internal_address_spec": [],
                "name": "my-listener",
                "port": 80,
                "protocol": "tcp",
                "target_port": 80
              }
            ],
            "name": "k8s-load-balancer",
            "region_id": "ru-central1",
            "timeouts": null,
            "type": "external"
          },
          "sensitive_attributes": [],
          "private": "eyJlMmJmYjczMC1lY2FhLTExZTYtOGY4OC0zNDM2M2JjN2M0YzAiOnsiY3JlYXRlIjozMDAwMDAwMDAwMDAsImRlbGV0ZSI6MzAwMDAwMDAwMDAwLCJ1cGRhdGUiOjMwMDAwMDAwMDAwMH19",
          "dependencies": [
            "yandex_compute_instance_group.k8s-ingresses",
            "yandex_iam_service_account.admin",
            "yandex_resourcemanager_folder_iam_binding.editor",
            "yandex_vpc_network.k8s-network",
            "yandex_vpc_subnet.k8s-subnet-1",
            "yandex_vpc_subnet.k8s-subnet-2",
            "yandex_vpc_subnet.k8s-subnet-3"
          ]
        }
      ]
    },
    {
      "mode": "managed",
      "type": "yandex_resourcemanager_folder_iam_binding",
      "name": "editor",
      "provider": "provider[\"registry.terraform.io/yandex-cloud/yandex\"]",
      "instances": [
        {
          "schema_version": 0,
          "attributes": {
            "folder_id": "b1gkk76374iqjbbnkl9g",
            "id": "b1gkk76374iqjbbnkl9g/editor",
            "members": [
              "serviceAccount:ajeqf2e6hpnuu1cp1did"
            ],
            "role": "editor",
            "sleep_after": null
          },
          "sensitive_attributes": [],
          "private": "bnVsbA==",
          "dependencies": [
            "yandex_iam_service_account.admin"
          ]
        }
      ]
    },
    {
      "mode": "managed",
      "type": "yandex_storage_bucket",
      "name": "backup-backet-apatsev",
      "provider": "provider[\"registry.terraform.io/yandex-cloud/yandex\"]",
      "instances": [
        {
          "schema_version": 0,
          "attributes": {
            "access_key": "YCAJEHzjkfCRnNXVaQYUs7VU2",
            "acl": "private",
            "bucket": "backup-backet-apatsev",
            "bucket_domain_name": "backup-backet-apatsev.storage.yandexcloud.net",
            "bucket_prefix": null,
            "cors_rule": [],
            "force_destroy": true,
            "grant": [],
            "id": "backup-backet-apatsev",
            "lifecycle_rule": [],
            "logging": [],
            "policy": null,
            "secret_key": "YCPva1S5DEaWubkjTcR2cU5HRoDZYJlJpSFMfHwt",
            "server_side_encryption_configuration": [],
            "versioning": [
              {
                "enabled": false
              }
            ],
            "website": [],
            "website_domain": null,
            "website_endpoint": null
          },
          "sensitive_attributes": [
            [
              {
                "type": "get_attr",
                "value": "secret_key"
              }
            ]
          ],
          "private": "bnVsbA==",
          "dependencies": [
            "yandex_iam_service_account.admin",
            "yandex_iam_service_account_static_access_key.static-access-key"
          ]
        }
      ]
    },
    {
      "mode": "managed",
      "type": "yandex_vpc_network",
      "name": "k8s-network",
      "provider": "provider[\"registry.terraform.io/yandex-cloud/yandex\"]",
      "instances": [
        {
          "schema_version": 0,
          "attributes": {
            "created_at": "2024-01-21T12:22:10Z",
            "default_security_group_id": "enpo63mfoa43sht1hnjg",
            "description": "",
            "folder_id": "b1gkk76374iqjbbnkl9g",
            "id": "enpgu969q05t3hc5lurp",
            "labels": {},
            "name": "k8s-network",
            "subnet_ids": [
              "b0chgdhg76jaq3ol9a3p",
              "e2l4tbppq3rgk51vjd06",
              "e9brf72gn6v6ibmrri9q"
            ],
            "timeouts": null
          },
          "sensitive_attributes": [],
          "private": "eyJlMmJmYjczMC1lY2FhLTExZTYtOGY4OC0zNDM2M2JjN2M0YzAiOnsiY3JlYXRlIjo2MDAwMDAwMDAwMCwiZGVsZXRlIjo2MDAwMDAwMDAwMCwidXBkYXRlIjo2MDAwMDAwMDAwMH19"
        }
      ]
    },
    {
      "mode": "managed",
      "type": "yandex_vpc_subnet",
      "name": "k8s-subnet-1",
      "provider": "provider[\"registry.terraform.io/yandex-cloud/yandex\"]",
      "instances": [
        {
          "schema_version": 0,
          "attributes": {
            "created_at": "2024-01-21T12:22:13Z",
            "description": "",
            "dhcp_options": [],
            "folder_id": "b1gkk76374iqjbbnkl9g",
            "id": "e9brf72gn6v6ibmrri9q",
            "labels": {},
            "name": "k8s-subnet-1",
            "network_id": "enpgu969q05t3hc5lurp",
            "route_table_id": "",
            "timeouts": null,
            "v4_cidr_blocks": [
              "192.168.10.0/24"
            ],
            "v6_cidr_blocks": [],
            "zone": "ru-central1-a"
          },
          "sensitive_attributes": [],
          "private": "eyJlMmJmYjczMC1lY2FhLTExZTYtOGY4OC0zNDM2M2JjN2M0YzAiOnsiY3JlYXRlIjoxODAwMDAwMDAwMDAsImRlbGV0ZSI6MTgwMDAwMDAwMDAwLCJ1cGRhdGUiOjE4MDAwMDAwMDAwMH19",
          "dependencies": [
            "yandex_vpc_network.k8s-network"
          ]
        }
      ]
    },
    {
      "mode": "managed",
      "type": "yandex_vpc_subnet",
      "name": "k8s-subnet-2",
      "provider": "provider[\"registry.terraform.io/yandex-cloud/yandex\"]",
      "instances": [
        {
          "schema_version": 0,
          "attributes": {
            "created_at": "2024-01-21T12:22:13Z",
            "description": "",
            "dhcp_options": [],
            "folder_id": "b1gkk76374iqjbbnkl9g",
            "id": "e2l4tbppq3rgk51vjd06",
            "labels": {},
            "name": "k8s-subnet-2",
            "network_id": "enpgu969q05t3hc5lurp",
            "route_table_id": "",
            "timeouts": null,
            "v4_cidr_blocks": [
              "192.168.20.0/24"
            ],
            "v6_cidr_blocks": [],
            "zone": "ru-central1-b"
          },
          "sensitive_attributes": [],
          "private": "eyJlMmJmYjczMC1lY2FhLTExZTYtOGY4OC0zNDM2M2JjN2M0YzAiOnsiY3JlYXRlIjoxODAwMDAwMDAwMDAsImRlbGV0ZSI6MTgwMDAwMDAwMDAwLCJ1cGRhdGUiOjE4MDAwMDAwMDAwMH19",
          "dependencies": [
            "yandex_vpc_network.k8s-network"
          ]
        }
      ]
    },
    {
      "mode": "managed",
      "type": "yandex_vpc_subnet",
      "name": "k8s-subnet-3",
      "provider": "provider[\"registry.terraform.io/yandex-cloud/yandex\"]",
      "instances": [
        {
          "schema_version": 0,
          "attributes": {
            "created_at": "2024-01-21T12:22:13Z",
            "description": "",
            "dhcp_options": [],
            "folder_id": "b1gkk76374iqjbbnkl9g",
            "id": "b0chgdhg76jaq3ol9a3p",
            "labels": {},
            "name": "k8s-subnet-3",
            "network_id": "enpgu969q05t3hc5lurp",
            "route_table_id": "",
            "timeouts": null,
            "v4_cidr_blocks": [
              "192.168.30.0/24"
            ],
            "v6_cidr_blocks": [],
            "zone": "ru-central1-c"
          },
          "sensitive_attributes": [],
          "private": "eyJlMmJmYjczMC1lY2FhLTExZTYtOGY4OC0zNDM2M2JjN2M0YzAiOnsiY3JlYXRlIjoxODAwMDAwMDAwMDAsImRlbGV0ZSI6MTgwMDAwMDAwMDAwLCJ1cGRhdGUiOjE4MDAwMDAwMDAwMH19",
          "dependencies": [
            "yandex_vpc_network.k8s-network"
          ]
        }
      ]
    }
  ],
  "check_results": null
}
